
Microsoft Visual Studio Solution File, Format Version 12.00
# Visual Studio 15
VisualStudioVersion = 15.0.27703.2042
MinimumVisualStudioVersion = 10.0.40219.1
Project("{888888A0-9F3D-457C-B088-3A5042F75D52}") = "Pyfight", "Pyfight\Pyfight.pyproj", "{FCB133F5-E9DA-4406-858A-67FD1837DE68}"
EndProject
Global
	GlobalSection(SolutionConfigurationPlatforms) = preSolution
		Debug|Any CPU = Debug|Any CPU
		Release|Any CPU = Release|Any CPU
	EndGlobalSection
	GlobalSection(ProjectConfigurationPlatforms) = postSolution
		{FCB133F5-E9DA-4406-858A-67FD1837DE68}.Debug|Any CPU.ActiveCfg = Debug|Any CPU
		{FCB133F5-E9DA-4406-858A-67FD1837DE68}.Release|Any CPU.ActiveCfg = Release|Any CPU
	EndGlobalSection
	GlobalSection(SolutionProperties) = preSolution
		HideSolutionNode = FALSE
	EndGlobalSection
	GlobalSection(ExtensibilityGlobals) = postSolution
		SolutionGuid = {5EF52E7F-4D41-4192-97BB-FD097DB1D234}
	EndGlobalSection
EndGlobal
